
Microsoft Visual Studio Solution File, Format Version 12.00
# Visual Studio 15
VisualStudioVersion = 15.0.27428.2043
MinimumVisualStudioVersion = 10.0.40219.1
Project("{8BC9CEB8-8B4A-11D0-8D11-00A0C91BC942}") = "injection", "injection\injection.vcxproj", "{DE7871C9-E00A-411B-8EEA-F11424447390}"
EndProject
Project("{8BC9CEB8-8B4A-11D0-8D11-00A0C91BC942}") = "injectionDll", "injectionDll\injectionDll.vcxproj", "{D6710AA7-B386-43E9-A16E-1187A4878C26}"
EndProject
Project("{8BC9CEB8-8B4A-11D0-8D11-00A0C91BC942}") = "LoveDll", "LoveDll\LoveDll.vcxproj", "{0EBB1341-5AA9-4333-973C-18F0E195111E}"
EndProject
Project("{8BC9CEB8-8B4A-11D0-8D11-00A0C91BC942}") = "GetMouseHwnd", "GetMouseHwnd\GetMouseHwnd.vcxproj", "{76D63F7F-3EAB-4042-BD95-D5FF25093330}"
EndProject
Project("{8BC9CEB8-8B4A-11D0-8D11-00A0C91BC942}") = "InjectionWord", "InjectionWord\InjectionWord.vcxproj", "{4F7572BB-A996-4F85-AE50-78087594134F}"
EndProject
Global
	GlobalSection(SolutionConfigurationPlatforms) = preSolution
		Debug|x64 = Debug|x64
		Debug|x86 = Debug|x86
		Release|x64 = Release|x64
		Release|x86 = Release|x86
	EndGlobalSection
	GlobalSection(ProjectConfigurationPlatforms) = postSolution
		{DE7871C9-E00A-411B-8EEA-F11424447390}.Debug|x64.ActiveCfg = Debug|x64
		{DE7871C9-E00A-411B-8EEA-F11424447390}.Debug|x64.Build.0 = Debug|x64
		{DE7871C9-E00A-411B-8EEA-F11424447390}.Debug|x86.ActiveCfg = Debug|Win32
		{DE7871C9-E00A-411B-8EEA-F11424447390}.Debug|x86.Build.0 = Debug|Win32
		{DE7871C9-E00A-411B-8EEA-F11424447390}.Release|x64.ActiveCfg = Release|x64
		{DE7871C9-E00A-411B-8EEA-F11424447390}.Release|x64.Build.0 = Release|x64
		{DE7871C9-E00A-411B-8EEA-F11424447390}.Release|x86.ActiveCfg = Release|Win32
		{DE7871C9-E00A-411B-8EEA-F11424447390}.Release|x86.Build.0 = Release|Win32
		{D6710AA7-B386-43E9-A16E-1187A4878C26}.Debug|x64.ActiveCfg = Debug|x64
		{D6710AA7-B386-43E9-A16E-1187A4878C26}.Debug|x64.Build.0 = Debug|x64
		{D6710AA7-B386-43E9-A16E-1187A4878C26}.Debug|x86.ActiveCfg = Debug|Win32
		{D6710AA7-B386-43E9-A16E-1187A4878C26}.Debug|x86.Build.0 = Debug|Win32
		{D6710AA7-B386-43E9-A16E-1187A4878C26}.Release|x64.ActiveCfg = Release|x64
		{D6710AA7-B386-43E9-A16E-1187A4878C26}.Release|x64.Build.0 = Release|x64
		{D6710AA7-B386-43E9-A16E-1187A4878C26}.Release|x86.ActiveCfg = Release|Win32
		{D6710AA7-B386-43E9-A16E-1187A4878C26}.Release|x86.Build.0 = Release|Win32
		{0EBB1341-5AA9-4333-973C-18F0E195111E}.Debug|x64.ActiveCfg = Debug|x64
		{0EBB1341-5AA9-4333-973C-18F0E195111E}.Debug|x64.Build.0 = Debug|x64
		{0EBB1341-5AA9-4333-973C-18F0E195111E}.Debug|x86.ActiveCfg = Debug|Win32
		{0EBB1341-5AA9-4333-973C-18F0E195111E}.Debug|x86.Build.0 = Debug|Win32
		{0EBB1341-5AA9-4333-973C-18F0E195111E}.Release|x64.ActiveCfg = Release|x64
		{0EBB1341-5AA9-4333-973C-18F0E195111E}.Release|x64.Build.0 = Release|x64
		{0EBB1341-5AA9-4333-973C-18F0E195111E}.Release|x86.ActiveCfg = Release|Win32
		{0EBB1341-5AA9-4333-973C-18F0E195111E}.Release|x86.Build.0 = Release|Win32
		{76D63F7F-3EAB-4042-BD95-D5FF25093330}.Debug|x64.ActiveCfg = Debug|x64
		{76D63F7F-3EAB-4042-BD95-D5FF25093330}.Debug|x64.Build.0 = Debug|x64
		{76D63F7F-3EAB-4042-BD95-D5FF25093330}.Debug|x86.ActiveCfg = Debug|Win32
		{76D63F7F-3EAB-4042-BD95-D5FF25093330}.Debug|x86.Build.0 = Debug|Win32
		{76D63F7F-3EAB-4042-BD95-D5FF25093330}.Release|x64.ActiveCfg = Release|x64
		{76D63F7F-3EAB-4042-BD95-D5FF25093330}.Release|x64.Build.0 = Release|x64
		{76D63F7F-3EAB-4042-BD95-D5FF25093330}.Release|x86.ActiveCfg = Release|Win32
		{76D63F7F-3EAB-4042-BD95-D5FF25093330}.Release|x86.Build.0 = Release|Win32
		{4F7572BB-A996-4F85-AE50-78087594134F}.Debug|x64.ActiveCfg = Debug|x64
		{4F7572BB-A996-4F85-AE50-78087594134F}.Debug|x64.Build.0 = Debug|x64
		{4F7572BB-A996-4F85-AE50-78087594134F}.Debug|x86.ActiveCfg = Debug|Win32
		{4F7572BB-A996-4F85-AE50-78087594134F}.Debug|x86.Build.0 = Debug|Win32
		{4F7572BB-A996-4F85-AE50-78087594134F}.Release|x64.ActiveCfg = Release|x64
		{4F7572BB-A996-4F85-AE50-78087594134F}.Release|x64.Build.0 = Release|x64
		{4F7572BB-A996-4F85-AE50-78087594134F}.Release|x86.ActiveCfg = Release|Win32
		{4F7572BB-A996-4F85-AE50-78087594134F}.Release|x86.Build.0 = Release|Win32
	EndGlobalSection
	GlobalSection(SolutionProperties) = preSolution
		HideSolutionNode = FALSE
	EndGlobalSection
	GlobalSection(ExtensibilityGlobals) = postSolution
		SolutionGuid = {62518A59-22A4-45CF-BF44-77249AE43751}
	EndGlobalSection
EndGlobal
